<?xml version="1.0" encoding="utf-8"?>
<Project ToolsVersion="4.0" xmlns="http://schemas.microsoft.com/developer/msbuild/2003">
  <ItemGroup>
    <ClCompile Include="..\src\Develop.cpp" />
    <ClCompile Include="..\src\stdafx.cpp" />
    <ClCompile Include="..\src\ByteBuffer\CByte.cpp">
      <Filter>ByteBuffer</Filter>
    </ClCompile>
    <ClCompile Include="..\src\test.cpp" />
    <ClCompile Include="..\src\Log\Log.cpp">
      <Filter>Log</Filter>
    </ClCompile>
    <ClCompile Include="..\src\Socket\SocketMgr.cpp">
      <Filter>Socket</Filter>
    </ClCompile>
    <ClCompile Include="..\src\Socket\Socket.cpp">
      <Filter>Socket</Filter>
    </ClCompile>
  </ItemGroup>
  <ItemGroup>
    <ClInclude Include="..\src\stdafx.h" />
    <ClInclude Include="..\src\ByteBuffer\CByte.h">
      <Filter>ByteBuffer</Filter>
    </ClInclude>
    <ClInclude Include="..\src\CommonType.h" />
    <ClInclude Include="..\src\test.h" />
    <ClInclude Include="..\src\Log\Log.h">
      <Filter>Log</Filter>
    </ClInclude>
    <ClInclude Include="..\src\Socket\SocketMgr.h">
      <Filter>Socket</Filter>
    </ClInclude>
    <ClInclude Include="..\src\Socket\SocketDefines.h">
      <Filter>Socket</Filter>
    </ClInclude>
    <ClInclude Include="..\src\Socket\ListenSocket.h">
      <Filter>Socket</Filter>
    </ClInclude>
    <ClInclude Include="..\src\Socket\Socket.h">
      <Filter>Socket</Filter>
    </ClInclude>
  </ItemGroup>
  <ItemGroup>
    <Filter Include="ByteBuffer">
      <UniqueIdentifier>{5b5a6637-063d-41c4-92ff-705540538253}</UniqueIdentifier>
    </Filter>
    <Filter Include="Log">
      <UniqueIdentifier>{decae905-76af-434e-a999-d44e2a746459}</UniqueIdentifier>
    </Filter>
    <Filter Include="Socket">
      <UniqueIdentifier>{540c8866-4ab1-4b29-8748-391a7e6685a3}</UniqueIdentifier>
    </Filter>
  </ItemGroup>
</Project>